
Microsoft Visual Studio Solution File, Format Version 12.00
# Visual Studio 14
VisualStudioVersion = 14.0.25420.1
MinimumVisualStudioVersion = 10.0.40219.1
Project("{FAE04EC0-301F-11D3-BF4B-00C04F79EFBC}") = "Hill_Cipher", "Hill_Cipher\Hill_Cipher.csproj", "{0E272107-5EBD-4686-803B-76F9DD12282E}"
EndProject
Global
	GlobalSection(SolutionConfigurationPlatforms) = preSolution
		Debug|Any CPU = Debug|Any CPU
		Release|Any CPU = Release|Any CPU
	EndGlobalSection
	GlobalSection(ProjectConfigurationPlatforms) = postSolution
		{0E272107-5EBD-4686-803B-76F9DD12282E}.Debug|Any CPU.ActiveCfg = Debug|Any CPU
		{0E272107-5EBD-4686-803B-76F9DD12282E}.Debug|Any CPU.Build.0 = Debug|Any CPU
		{0E272107-5EBD-4686-803B-76F9DD12282E}.Release|Any CPU.ActiveCfg = Release|Any CPU
		{0E272107-5EBD-4686-803B-76F9DD12282E}.Release|Any CPU.Build.0 = Release|Any CPU
	EndGlobalSection
	GlobalSection(SolutionProperties) = preSolution
		HideSolutionNode = FALSE
	EndGlobalSection
EndGlobal
